{
  "name": "tsdemo",
  "version": "1.0.0",
  "lockfileVersion": 1,
  "requires": true,
  "dependencies": {
    "@types/node": {
      "version": "12.7.5",
      "resolved": "https://registry.npm.taobao.org/@types/node/download/@types/node-12.7.5.tgz?cache=0&other_urls=https%3A%2F%2Fregistry.npm.taobao.org%2F%40types%2Fnode%2Fdownload%2F%40types%2Fnode-12.7.5.tgz",
      "integrity": "sha1-4ZQ25/jptGAQBdc2c7bcR4T/zC8=",
      "dev": true
    }
  }
}
